
Microsoft Visual Studio Solution File, Format Version 12.00
# Visual Studio 15
VisualStudioVersion = 15.0.27907.0
MinimumVisualStudioVersion = 10.0.40219.1
Project("{FAE04EC0-301F-11D3-BF4B-00C04F79EFBC}") = "NameCollisionLoseInvalid", "NameCollisionLoseInvalid\NameCollisionLoseInvalid.csproj", "{662EFC91-E14E-4B2B-8A2C-19CB61C4835B}"
EndProject
Global
	GlobalSection(SolutionConfigurationPlatforms) = preSolution
		Debug|Any CPU = Debug|Any CPU
		Release|Any CPU = Release|Any CPU
	EndGlobalSection
	GlobalSection(ProjectConfigurationPlatforms) = postSolution
		{662EFC91-E14E-4B2B-8A2C-19CB61C4835B}.Debug|Any CPU.ActiveCfg = Debug|Any CPU
		{662EFC91-E14E-4B2B-8A2C-19CB61C4835B}.Debug|Any CPU.Build.0 = Debug|Any CPU
		{662EFC91-E14E-4B2B-8A2C-19CB61C4835B}.Release|Any CPU.ActiveCfg = Release|Any CPU
		{662EFC91-E14E-4B2B-8A2C-19CB61C4835B}.Release|Any CPU.Build.0 = Release|Any CPU
	EndGlobalSection
	GlobalSection(SolutionProperties) = preSolution
		HideSolutionNode = FALSE
	EndGlobalSection
	GlobalSection(ExtensibilityGlobals) = postSolution
		SolutionGuid = {2B2BB437-F4E7-470C-8E93-9CBEE9525357}
	EndGlobalSection
EndGlobal
